
Microsoft Visual Studio Solution File, Format Version 12.00
# Visual Studio Version 17
VisualStudioVersion = 17.5.33502.453
MinimumVisualStudioVersion = 10.0.40219.1
Project("{FAE04EC0-301F-11D3-BF4B-00C04F79EFBC}") = "ConcertDB", "ConcertDB\ConcertDB.csproj", "{A5A58810-E85A-4C55-BE56-B0B7D2423E96}"
EndProject
Global
	GlobalSection(SolutionConfigurationPlatforms) = preSolution
		Debug|Any CPU = Debug|Any CPU
		Release|Any CPU = Release|Any CPU
	EndGlobalSection
	GlobalSection(ProjectConfigurationPlatforms) = postSolution
		{A5A58810-E85A-4C55-BE56-B0B7D2423E96}.Debug|Any CPU.ActiveCfg = Debug|Any CPU
		{A5A58810-E85A-4C55-BE56-B0B7D2423E96}.Debug|Any CPU.Build.0 = Debug|Any CPU
		{A5A58810-E85A-4C55-BE56-B0B7D2423E96}.Release|Any CPU.ActiveCfg = Release|Any CPU
		{A5A58810-E85A-4C55-BE56-B0B7D2423E96}.Release|Any CPU.Build.0 = Release|Any CPU
	EndGlobalSection
	GlobalSection(SolutionProperties) = preSolution
		HideSolutionNode = FALSE
	EndGlobalSection
	GlobalSection(ExtensibilityGlobals) = postSolution
		SolutionGuid = {4045BA57-D791-4080-A39F-D1A0A293324E}
	EndGlobalSection
EndGlobal
